
Microsoft Visual Studio Solution File, Format Version 12.00
# Visual Studio Version 17
VisualStudioVersion = 17.8.34330.188
MinimumVisualStudioVersion = 10.0.40219.1
Project("{FAE04EC0-301F-11D3-BF4B-00C04F79EFBC}") = "WebApplicationEntrenadorPokemon", "WebApplicationEntrenadorPokemon\WebApplicationEntrenadorPokemon.csproj", "{6BBBD1EE-3D69-4A98-8140-C1F0B90F9163}"
EndProject
Global
	GlobalSection(SolutionConfigurationPlatforms) = preSolution
		Debug|Any CPU = Debug|Any CPU
		Release|Any CPU = Release|Any CPU
	EndGlobalSection
	GlobalSection(ProjectConfigurationPlatforms) = postSolution
		{6BBBD1EE-3D69-4A98-8140-C1F0B90F9163}.Debug|Any CPU.ActiveCfg = Debug|Any CPU
		{6BBBD1EE-3D69-4A98-8140-C1F0B90F9163}.Debug|Any CPU.Build.0 = Debug|Any CPU
		{6BBBD1EE-3D69-4A98-8140-C1F0B90F9163}.Release|Any CPU.ActiveCfg = Release|Any CPU
		{6BBBD1EE-3D69-4A98-8140-C1F0B90F9163}.Release|Any CPU.Build.0 = Release|Any CPU
	EndGlobalSection
	GlobalSection(SolutionProperties) = preSolution
		HideSolutionNode = FALSE
	EndGlobalSection
	GlobalSection(ExtensibilityGlobals) = postSolution
		SolutionGuid = {FEA48F6A-5733-45AC-9BB3-87BEFD92FDA0}
	EndGlobalSection
EndGlobal
